<?xml version="1.0" encoding="utf-8"?>
<Project ToolsVersion="4.0" xmlns="http://schemas.microsoft.com/developer/msbuild/2003">
  <ItemGroup>
    <Filter Include="Source Files">
      <UniqueIdentifier>{4FC737F1-C7A5-4376-A066-2A32D752A2FF}</UniqueIdentifier>
      <Extensions>cpp;c;cc;cxx;c++;def;odl;idl;hpj;bat;asm;asmx</Extensions>
    </Filter>
    <Filter Include="Header Files">
      <UniqueIdentifier>{93995380-89BD-4b04-88EB-625FBE52EBFB}</UniqueIdentifier>
      <Extensions>h;hh;hpp;hxx;h++;hm;inl;inc;ipp;xsd</Extensions>
    </Filter>
    <Filter Include="Resource Files">
      <UniqueIdentifier>{67DA6AB6-F800-4c08-8B7A-83BB121AAD01}</UniqueIdentifier>
      <Extensions>rc;ico;cur;bmp;dlg;rc2;rct;bin;rgs;gif;jpg;jpeg;jpe;resx;tiff;tif;png;wav;mfcribbon-ms</Extensions>
    </Filter>
  </ItemGroup>
  <ItemGroup>
    <ClCompile Include="src\main.cpp">
      <Filter>Source Files</Filter>
    </ClCompile>
    <ClCompile Include="src\classes\scene\UIManager.cpp">
      <Filter>Source Files</Filter>
    </ClCompile>
    <ClCompile Include="src\classes\scene\Scene.cpp">
      <Filter>Source Files</Filter>
    </ClCompile>
    <ClCompile Include="src\classes\scene\Button.cpp">
      <Filter>Source Files</Filter>
    </ClCompile>
    <ClCompile Include="src\classes\scene\UIElementManager.cpp">
      <Filter>Source Files</Filter>
    </ClCompile>
    <ClCompile Include="src\classes\scene\UIString.cpp">
      <Filter>Source Files</Filter>
    </ClCompile>
    <ClCompile Include="src\classes\scene\UIElementManagerGroup.cpp">
      <Filter>Source Files</Filter>
    </ClCompile>
    <ClCompile Include="src\classes\game\Object.cpp">
      <Filter>Source Files</Filter>
    </ClCompile>
    <ClCompile Include="src\classes\game\ObjectManager.cpp">
      <Filter>Source Files</Filter>
    </ClCompile>
    <ClCompile Include="src\classes\game\Game.cpp">
      <Filter>Source Files</Filter>
    </ClCompile>
    <ClCompile Include="src\classes\game\FreeBody.cpp">
      <Filter>Source Files</Filter>
    </ClCompile>
    <ClCompile Include="src\classes\game\Vector2.cpp">
      <Filter>Source Files</Filter>
    </ClCompile>
    <ClCompile Include="src\classes\game\Player.cpp">
      <Filter>Source Files</Filter>
    </ClCompile>
    <ClCompile Include="src\classes\game\SpaceObject.cpp">
      <Filter>Source Files</Filter>
    </ClCompile>
    <ClCompile Include="src\classes\game\Rocket.cpp">
      <Filter>Source Files</Filter>
    </ClCompile>
    <ClCompile Include="src\classes\game\rocketParts\Engine.cpp">
      <Filter>Source Files</Filter>
    </ClCompile>
    <ClCompile Include="src\classes\game\rocketParts\FuelTank.cpp">
      <Filter>Source Files</Filter>
    </ClCompile>
    <ClCompile Include="src\classes\game\rocketParts\OxidizerTank.cpp">
      <Filter>Source Files</Filter>
    </ClCompile>
    <ClCompile Include="src\classes\game\rocketParts\ControlModule.cpp">
      <Filter>Source Files</Filter>
    </ClCompile>
    <ClCompile Include="src\classes\game\rocketParts\Coupler.cpp">
      <Filter>Source Files</Filter>
    </ClCompile>
    <ClCompile Include="src\classes\game\rocketParts\NoseCone.cpp">
      <Filter>Source Files</Filter>
    </ClCompile>
    <ClCompile Include="src\classes\game\rocketParts\Parachute.cpp">
      <Filter>Source Files</Filter>
    </ClCompile>
  </ItemGroup>
  <ItemGroup>
    <ClInclude Include="src\classes\scene\UIManager.h">
      <Filter>Header Files</Filter>
    </ClInclude>
    <ClInclude Include="src\classes\scene\Scene.h">
      <Filter>Header Files</Filter>
    </ClInclude>
    <ClInclude Include="src\classes\scene\Button.h">
      <Filter>Header Files</Filter>
    </ClInclude>
    <ClInclude Include="src\classes\scene\UIElementManager.h">
      <Filter>Header Files</Filter>
    </ClInclude>
    <ClInclude Include="src\classes\scene\UIString.h">
      <Filter>Header Files</Filter>
    </ClInclude>
    <ClInclude Include="src\classes\scene\UIElementManagerGroup.h">
      <Filter>Header Files</Filter>
    </ClInclude>
    <ClInclude Include="src\classes\game\Object.h">
      <Filter>Header Files</Filter>
    </ClInclude>
    <ClInclude Include="src\classes\game\ObjectManager.h">
      <Filter>Header Files</Filter>
    </ClInclude>
    <ClInclude Include="src\classes\game\Game.h">
      <Filter>Header Files</Filter>
    </ClInclude>
    <ClInclude Include="src\classes\game\FreeBody.h">
      <Filter>Header Files</Filter>
    </ClInclude>
    <ClInclude Include="src\classes\game\Vector2.h">
      <Filter>Header Files</Filter>
    </ClInclude>
    <ClInclude Include="src\classes\game\Player.h">
      <Filter>Header Files</Filter>
    </ClInclude>
    <ClInclude Include="src\classes\game\SpaceObject.h">
      <Filter>Header Files</Filter>
    </ClInclude>
    <ClInclude Include="src\classes\game\Rocket.h">
      <Filter>Header Files</Filter>
    </ClInclude>
    <ClInclude Include="src\classes\game\rocketParts\Engine.h">
      <Filter>Header Files</Filter>
    </ClInclude>
    <ClInclude Include="src\classes\game\rocketParts\FuelTank.h">
      <Filter>Header Files</Filter>
    </ClInclude>
    <ClInclude Include="src\classes\game\rocketParts\OxidizerTank.h">
      <Filter>Header Files</Filter>
    </ClInclude>
    <ClInclude Include="src\classes\game\rocketParts\ControlModule.h">
      <Filter>Header Files</Filter>
    </ClInclude>
    <ClInclude Include="src\classes\game\rocketParts\Coupler.h">
      <Filter>Header Files</Filter>
    </ClInclude>
    <ClInclude Include="src\classes\game\rocketParts\NoseCone.h">
      <Filter>Header Files</Filter>
    </ClInclude>
    <ClInclude Include="src\classes\game\rocketParts\Parachute.h">
      <Filter>Header Files</Filter>
    </ClInclude>
  </ItemGroup>
  <ItemGroup>
    <Font Include="fonts\SourceCodePro.ttf" />
  </ItemGroup>
  <ItemGroup>
    <Text Include="credits.txt" />
  </ItemGroup>
  <ItemGroup>
    <Media Include="sounds\ui\click.wav">
      <Filter>Resource Files</Filter>
    </Media>
    <Media Include="sounds\ui\hover.wav">
      <Filter>Resource Files</Filter>
    </Media>
    <Media Include="sounds\ui\unClick.wav">
      <Filter>Resource Files</Filter>
    </Media>
  </ItemGroup>
</Project>